{
  "name": "storymaker",
  "lockfileVersion": 3,
  "requires": true,
  "packages": {
    "": {
      "dependencies": {
        "@webviewjs/webview": "^0.1.4",
        "ws": "^8.18.0"
      }
    },
    "node_modules/@webviewjs/webview": {
      "version": "0.1.4",
      "resolved": "https://registry.npmjs.org/@webviewjs/webview/-/webview-0.1.4.tgz",
      "integrity": "sha512-2Wj8W6O39I9W+uriH7NCLiVzWds1p2hZcroRk3lGnQo/rk5yD7O8XhrBK7UxQCMjmD6OrU1g9CsC5jzrsClwuA==",
      "license": "MIT",
      "bin": {
        "webview": "cli/index.mjs",
        "webviewjs": "cli/index.mjs"
      },
      "engines": {
        "node": ">= 10"
      },
      "optionalDependencies": {
        "@webviewjs/webview-android-arm-eabi": "0.1.4",
        "@webviewjs/webview-android-arm64": "0.1.4",
        "@webviewjs/webview-darwin-arm64": "0.1.4",
        "@webviewjs/webview-darwin-x64": "0.1.4",
        "@webviewjs/webview-freebsd-x64": "0.1.4",
        "@webviewjs/webview-linux-x64-gnu": "0.1.4",
        "@webviewjs/webview-win32-arm64-msvc": "0.1.4",
        "@webviewjs/webview-win32-ia32-msvc": "0.1.4",
        "@webviewjs/webview-win32-x64-msvc": "0.1.4"
      }
    },
    "node_modules/@webviewjs/webview-android-arm-eabi": {
      "version": "0.1.4",
      "resolved": "https://registry.npmjs.org/@webviewjs/webview-android-arm-eabi/-/webview-android-arm-eabi-0.1.4.tgz",
      "integrity": "sha512-14XdoLdfXAqPHIjkI3aK4siToSxN46vHcevJXKYSRBNdj8RmSSgNZNoqO60P2rvBsiNRCE/2BpC87ma7nWsUlw==",
      "cpu": [
        "arm"
      ],
      "license": "MIT",
      "optional": true,
      "os": [
        "android"
      ],
      "engines": {
        "node": ">= 10"
      }
    },
    "node_modules/@webviewjs/webview-android-arm64": {
      "version": "0.1.4",
      "resolved": "https://registry.npmjs.org/@webviewjs/webview-android-arm64/-/webview-android-arm64-0.1.4.tgz",
      "integrity": "sha512-gBkP6R8RvaF2h7uCJIRf6hXnUTUI6uhkQW/slGAHruq2GiARKSAlPFerkqM9zliBU4H9MQ4G+At+kftdJsxPYg==",
      "cpu": [
        "arm64"
      ],
      "license": "MIT",
      "optional": true,
      "os": [
        "android"
      ],
      "engines": {
        "node": ">= 10"
      }
    },
    "node_modules/@webviewjs/webview-darwin-arm64": {
      "version": "0.1.4",
      "resolved": "https://registry.npmjs.org/@webviewjs/webview-darwin-arm64/-/webview-darwin-arm64-0.1.4.tgz",
      "integrity": "sha512-LxgNsLv0QvsjSNxJvFktkXOEszR9h25U48Qwa2468uZNu9YYAG2k08nW3Yy6pa3ldKQ06iqfFQRFUmSqtolGFA==",
      "cpu": [
        "arm64"
      ],
      "license": "MIT",
      "optional": true,
      "os": [
        "darwin"
      ],
      "engines": {
        "node": ">= 10"
      }
    },
    "node_modules/@webviewjs/webview-darwin-x64": {
      "version": "0.1.4",
      "resolved": "https://registry.npmjs.org/@webviewjs/webview-darwin-x64/-/webview-darwin-x64-0.1.4.tgz",
      "integrity": "sha512-m/648iZikVmyBxOb+psZX7ccTIi2MmL4/OWmGp49qcfsJcVQQptw7AQg/BYCeShFaerV6fbLafjJxzuljVG5YQ==",
      "cpu": [
        "x64"
      ],
      "license": "MIT",
      "optional": true,
      "os": [
        "darwin"
      ],
      "engines": {
        "node": ">= 10"
      }
    },
    "node_modules/@webviewjs/webview-win32-arm64-msvc": {
      "version": "0.1.4",
      "resolved": "https://registry.npmjs.org/@webviewjs/webview-win32-arm64-msvc/-/webview-win32-arm64-msvc-0.1.4.tgz",
      "integrity": "sha512-3kwBE/7/e/EnArVsPIVUcQj9KlmGS6+3ScACyQ3XcoyeF2kxAD50bhSG2DQ/m3ynektE035VkYGXbxi+5s+3Fw==",
      "cpu": [
        "arm64"
      ],
      "license": "MIT",
      "optional": true,
      "os": [
        "win32"
      ],
      "engines": {
        "node": ">= 10"
      }
    },
    "node_modules/@webviewjs/webview-win32-ia32-msvc": {
      "version": "0.1.4",
      "resolved": "https://registry.npmjs.org/@webviewjs/webview-win32-ia32-msvc/-/webview-win32-ia32-msvc-0.1.4.tgz",
      "integrity": "sha512-NAaqLv7akaMNGZ5u5mrgbWSBJD20Ml/sAtrGGqo999bp2aOnab7EMywLs9Etg1+lvwW/vVZJLGkvLr88vUomhg==",
      "cpu": [
        "ia32"
      ],
      "license": "MIT",
      "optional": true,
      "os": [
        "win32"
      ],
      "engines": {
        "node": ">= 10"
      }
    },
    "node_modules/@webviewjs/webview-win32-x64-msvc": {
      "version": "0.1.4",
      "resolved": "https://registry.npmjs.org/@webviewjs/webview-win32-x64-msvc/-/webview-win32-x64-msvc-0.1.4.tgz",
      "integrity": "sha512-TqAdzfaExrdKF6Q/010HEVK5PGhUW9+kI2ne8RA7mZNlVKzSspHBJamRfjhtGoOSebyR4zei8StQE9aQUUUKMA==",
      "cpu": [
        "x64"
      ],
      "license": "MIT",
      "optional": true,
      "os": [
        "win32"
      ],
      "engines": {
        "node": ">= 10"
      }
    },
    "node_modules/@webviewjs/webview/node_modules/@webviewjs/webview-freebsd-x64": {
      "optional": true
    },
    "node_modules/@webviewjs/webview/node_modules/@webviewjs/webview-linux-x64-gnu": {
      "optional": true
    },
    "node_modules/ws": {
      "version": "8.21.0",
      "resolved": "https://registry.npmjs.org/ws/-/ws-8.21.0.tgz",
      "integrity": "sha512-Vsp28b7DRcimFQvrqu2Wek3z1iYxDCWqHYB8Qsnk/S4RfaCQzPGPyBNuVjJV3cd6UiKtUtp6sNM77gWvzcCH+g==",
      "license": "MIT",
      "engines": {
        "node": ">=10.0.0"
      },
      "peerDependencies": {
        "bufferutil": "^4.0.1",
        "utf-8-validate": ">=5.0.2"
      },
      "peerDependenciesMeta": {
        "bufferutil": {
          "optional": true
        },
        "utf-8-validate": {
          "optional": true
        }
      }
    }
  }
}
